
Microsoft Visual Studio Solution File, Format Version 12.00
Project("{2150E333-8FDC-42A3-9474-1A3956D46DE8}") = "src", "src", "{072E16C4-DD61-419D-B56C-157CE46C8A57}"
EndProject
Project("{2150E333-8FDC-42A3-9474-1A3956D46DE8}") = "test", "test", "{6ACDE413-CD4C-4194-B790-A6EDDB539BEB}"
EndProject
Project("{FAE04EC0-301F-11D3-BF4B-00C04F79EFBC}") = "Transportathon.Domain", "Transportathon.Domain\Transportathon.Domain.csproj", "{DB10A984-58F4-4025-AB5F-7BA100D01647}"
EndProject
Project("{FAE04EC0-301F-11D3-BF4B-00C04F79EFBC}") = "Transportathon.Domain.UnitTests", "Transportathon.Domain.UnitTests\Transportathon.Domain.UnitTests.csproj", "{403EC769-8ACF-411E-A069-D88E9A58FFDB}"
EndProject
Project("{FAE04EC0-301F-11D3-BF4B-00C04F79EFBC}") = "Transportathon.Application", "Transportathon.Application\Transportathon.Application.csproj", "{270679C5-53AB-4255-950F-CD191E6890BF}"
EndProject
Project("{FAE04EC0-301F-11D3-BF4B-00C04F79EFBC}") = "Transportathon.Application.UnitTests", "Transportathon.Application.UnitTests\Transportathon.Application.UnitTests.csproj", "{6A6011C3-3C66-4639-9E45-0DB3C61A40AB}"
EndProject
Project("{FAE04EC0-301F-11D3-BF4B-00C04F79EFBC}") = "Transportathon.Infrastructure", "Transportathon.Infrastructure\Transportathon.Infrastructure.csproj", "{4DA79C61-DF3C-424F-B78B-3304FED85DD5}"
EndProject
Project("{FAE04EC0-301F-11D3-BF4B-00C04F79EFBC}") = "Transportathon.Api", "Transportathon.Api\Transportathon.Api.csproj", "{03FEAB26-E83C-4DD8-8B9B-F1F77FE799BE}"
EndProject
Global
	GlobalSection(SolutionConfigurationPlatforms) = preSolution
		Debug|Any CPU = Debug|Any CPU
		Release|Any CPU = Release|Any CPU
	EndGlobalSection
	GlobalSection(NestedProjects) = preSolution
		{DB10A984-58F4-4025-AB5F-7BA100D01647} = {072E16C4-DD61-419D-B56C-157CE46C8A57}
		{403EC769-8ACF-411E-A069-D88E9A58FFDB} = {6ACDE413-CD4C-4194-B790-A6EDDB539BEB}
		{270679C5-53AB-4255-950F-CD191E6890BF} = {072E16C4-DD61-419D-B56C-157CE46C8A57}
		{6A6011C3-3C66-4639-9E45-0DB3C61A40AB} = {6ACDE413-CD4C-4194-B790-A6EDDB539BEB}
		{4DA79C61-DF3C-424F-B78B-3304FED85DD5} = {072E16C4-DD61-419D-B56C-157CE46C8A57}
		{03FEAB26-E83C-4DD8-8B9B-F1F77FE799BE} = {072E16C4-DD61-419D-B56C-157CE46C8A57}
	EndGlobalSection
	GlobalSection(ProjectConfigurationPlatforms) = postSolution
		{DB10A984-58F4-4025-AB5F-7BA100D01647}.Debug|Any CPU.ActiveCfg = Debug|Any CPU
		{DB10A984-58F4-4025-AB5F-7BA100D01647}.Debug|Any CPU.Build.0 = Debug|Any CPU
		{DB10A984-58F4-4025-AB5F-7BA100D01647}.Release|Any CPU.ActiveCfg = Release|Any CPU
		{DB10A984-58F4-4025-AB5F-7BA100D01647}.Release|Any CPU.Build.0 = Release|Any CPU
		{403EC769-8ACF-411E-A069-D88E9A58FFDB}.Debug|Any CPU.ActiveCfg = Debug|Any CPU
		{403EC769-8ACF-411E-A069-D88E9A58FFDB}.Debug|Any CPU.Build.0 = Debug|Any CPU
		{403EC769-8ACF-411E-A069-D88E9A58FFDB}.Release|Any CPU.ActiveCfg = Release|Any CPU
		{403EC769-8ACF-411E-A069-D88E9A58FFDB}.Release|Any CPU.Build.0 = Release|Any CPU
		{270679C5-53AB-4255-950F-CD191E6890BF}.Debug|Any CPU.ActiveCfg = Debug|Any CPU
		{270679C5-53AB-4255-950F-CD191E6890BF}.Debug|Any CPU.Build.0 = Debug|Any CPU
		{270679C5-53AB-4255-950F-CD191E6890BF}.Release|Any CPU.ActiveCfg = Release|Any CPU
		{270679C5-53AB-4255-950F-CD191E6890BF}.Release|Any CPU.Build.0 = Release|Any CPU
		{6A6011C3-3C66-4639-9E45-0DB3C61A40AB}.Debug|Any CPU.ActiveCfg = Debug|Any CPU
		{6A6011C3-3C66-4639-9E45-0DB3C61A40AB}.Debug|Any CPU.Build.0 = Debug|Any CPU
		{6A6011C3-3C66-4639-9E45-0DB3C61A40AB}.Release|Any CPU.ActiveCfg = Release|Any CPU
		{6A6011C3-3C66-4639-9E45-0DB3C61A40AB}.Release|Any CPU.Build.0 = Release|Any CPU
		{4DA79C61-DF3C-424F-B78B-3304FED85DD5}.Debug|Any CPU.ActiveCfg = Debug|Any CPU
		{4DA79C61-DF3C-424F-B78B-3304FED85DD5}.Debug|Any CPU.Build.0 = Debug|Any CPU
		{4DA79C61-DF3C-424F-B78B-3304FED85DD5}.Release|Any CPU.ActiveCfg = Release|Any CPU
		{4DA79C61-DF3C-424F-B78B-3304FED85DD5}.Release|Any CPU.Build.0 = Release|Any CPU
		{03FEAB26-E83C-4DD8-8B9B-F1F77FE799BE}.Debug|Any CPU.ActiveCfg = Debug|Any CPU
		{03FEAB26-E83C-4DD8-8B9B-F1F77FE799BE}.Debug|Any CPU.Build.0 = Debug|Any CPU
		{03FEAB26-E83C-4DD8-8B9B-F1F77FE799BE}.Release|Any CPU.ActiveCfg = Release|Any CPU
		{03FEAB26-E83C-4DD8-8B9B-F1F77FE799BE}.Release|Any CPU.Build.0 = Release|Any CPU
	EndGlobalSection
EndGlobal
